<Solution>
  <Folder Name="/Solution Items/">
    <File Path="Directory.Packages.props" />
  </Folder>
  <Folder Name="/src/">
    <Project Path="src/SuiteCase.Core/SuiteCase.Core.csproj" />
    <Project Path="src/SuiteCase.Server/SuiteCase.Server.csproj" />
  </Folder>
  <Folder Name="/tests/">
    <Project Path="tests/SuiteCase.IntegrationTests/SuiteCase.IntegrationTests.csproj" />
    <Project Path="tests/SuiteCase.UnitTests/SuiteCase.UnitTests.csproj" />
  </Folder>
  <Folder Name="/ui/">
    <Project Path="ui/SuiteCase.Client/SuiteCase.Client.esproj">
      <Build />
      <Deploy />
    </Project>
  </Folder>
</Solution>
